github.com/BoyerDamien/42APIClient v0.0.0-20210302100418-741d635bd19b h1:Lg9KdHqQo8/rjo9zWeyghj0mPwrLgy68/voYOvmCLG4=
github.com/BoyerDamien/42APIClient v0.0.0-20210302100418-741d635bd19b/go.mod h1:YifNxHiYJ4aNZjDekK2J79J1ABMlwuDYG07dBoXz7+I=
github.com/joho/godotenv v1.3.0 h1:Zjp+RcGpHhGlrMbJzXTrZZPrWj+1vfm90La1wgB6Bhc=
github.com/joho/godotenv v1.3.0/go.mod h1:7hK45KPybAkOC6peb+G5yklZfMxEjkZhHbwpqxOKXbg=
